
Microsoft Visual Studio Solution File, Format Version 12.00
# Visual Studio Version 17
VisualStudioVersion = 17.0.31903.59
MinimumVisualStudioVersion = 10.0.40219.1
Project("{FAE04EC0-301F-11D3-BF4B-00C04F79EFBC}") = "PainForGlory_LoginServer", "PainForGlory_LoginServer\PainForGlory_LoginServer.csproj", "{DBBBF44F-009C-4DCA-8D28-30F9FFF78666}"
EndProject
Project("{FAE04EC0-301F-11D3-BF4B-00C04F79EFBC}") = "PainforGlory_Server", "PainforGlory_Server\PainforGlory_Server.csproj", "{C980CAFC-F381-4104-B423-8C05EE71CB8C}"
EndProject
Project("{E53339B2-1760-4266-BCC7-CA923CBCF16C}") = "docker-compose", "docker-compose.dcproj", "{81DDED9D-158B-E303-5F62-77A2896D2A5A}"
EndProject
Project("{FAE04EC0-301F-11D3-BF4B-00C04F79EFBC}") = "PainForGlory_Web", "PainForGlory_Web\PainForGlory_Web.csproj", "{E448EDCA-7173-447E-9E89-DCEF3E46F9C6}"
EndProject
Project("{FAE04EC0-301F-11D3-BF4B-00C04F79EFBC}") = "PainForGlory_Common", "PainforGlory_Common\PainForGlory_Common.csproj", "{39459AC4-6F7F-2882-9C94-52BBB22A3D8C}"
EndProject
Project("{FAE04EC0-301F-11D3-BF4B-00C04F79EFBC}") = "PainForGlory_DockerTemplates", "PainForGlory_DockerTemplates\PainForGlory_DockerTemplates.csproj", "{08CDC1D1-0077-43C9-AE41-74FD578C052E}"
EndProject
Global
	GlobalSection(SolutionConfigurationPlatforms) = preSolution
		Debug|Any CPU = Debug|Any CPU
		Debug|ARM = Debug|ARM
		Debug|ARM64 = Debug|ARM64
		Debug|x64 = Debug|x64
		Debug|x86 = Debug|x86
		Release|Any CPU = Release|Any CPU
		Release|ARM = Release|ARM
		Release|ARM64 = Release|ARM64
		Release|x64 = Release|x64
		Release|x86 = Release|x86
	EndGlobalSection
	GlobalSection(ProjectConfigurationPlatforms) = postSolution
		{DBBBF44F-009C-4DCA-8D28-30F9FFF78666}.Debug|Any CPU.ActiveCfg = Debug|Any CPU
		{DBBBF44F-009C-4DCA-8D28-30F9FFF78666}.Debug|Any CPU.Build.0 = Debug|Any CPU
		{DBBBF44F-009C-4DCA-8D28-30F9FFF78666}.Debug|ARM.ActiveCfg = Debug|Any CPU
		{DBBBF44F-009C-4DCA-8D28-30F9FFF78666}.Debug|ARM.Build.0 = Debug|Any CPU
		{DBBBF44F-009C-4DCA-8D28-30F9FFF78666}.Debug|ARM64.ActiveCfg = Debug|Any CPU
		{DBBBF44F-009C-4DCA-8D28-30F9FFF78666}.Debug|ARM64.Build.0 = Debug|Any CPU
		{DBBBF44F-009C-4DCA-8D28-30F9FFF78666}.Debug|x64.ActiveCfg = Debug|Any CPU
		{DBBBF44F-009C-4DCA-8D28-30F9FFF78666}.Debug|x64.Build.0 = Debug|Any CPU
		{DBBBF44F-009C-4DCA-8D28-30F9FFF78666}.Debug|x86.ActiveCfg = Debug|Any CPU
		{DBBBF44F-009C-4DCA-8D28-30F9FFF78666}.Debug|x86.Build.0 = Debug|Any CPU
		{DBBBF44F-009C-4DCA-8D28-30F9FFF78666}.Release|Any CPU.ActiveCfg = Release|Any CPU
		{DBBBF44F-009C-4DCA-8D28-30F9FFF78666}.Release|Any CPU.Build.0 = Release|Any CPU
		{DBBBF44F-009C-4DCA-8D28-30F9FFF78666}.Release|ARM.ActiveCfg = Release|Any CPU
		{DBBBF44F-009C-4DCA-8D28-30F9FFF78666}.Release|ARM.Build.0 = Release|Any CPU
		{DBBBF44F-009C-4DCA-8D28-30F9FFF78666}.Release|ARM64.ActiveCfg = Release|Any CPU
		{DBBBF44F-009C-4DCA-8D28-30F9FFF78666}.Release|ARM64.Build.0 = Release|Any CPU
		{DBBBF44F-009C-4DCA-8D28-30F9FFF78666}.Release|x64.ActiveCfg = Release|Any CPU
		{DBBBF44F-009C-4DCA-8D28-30F9FFF78666}.Release|x64.Build.0 = Release|Any CPU
		{DBBBF44F-009C-4DCA-8D28-30F9FFF78666}.Release|x86.ActiveCfg = Release|Any CPU
		{DBBBF44F-009C-4DCA-8D28-30F9FFF78666}.Release|x86.Build.0 = Release|Any CPU
		{C980CAFC-F381-4104-B423-8C05EE71CB8C}.Debug|Any CPU.ActiveCfg = Debug|Any CPU
		{C980CAFC-F381-4104-B423-8C05EE71CB8C}.Debug|Any CPU.Build.0 = Debug|Any CPU
		{C980CAFC-F381-4104-B423-8C05EE71CB8C}.Debug|ARM.ActiveCfg = Debug|Any CPU
		{C980CAFC-F381-4104-B423-8C05EE71CB8C}.Debug|ARM.Build.0 = Debug|Any CPU
		{C980CAFC-F381-4104-B423-8C05EE71CB8C}.Debug|ARM64.ActiveCfg = Debug|Any CPU
		{C980CAFC-F381-4104-B423-8C05EE71CB8C}.Debug|ARM64.Build.0 = Debug|Any CPU
		{C980CAFC-F381-4104-B423-8C05EE71CB8C}.Debug|x64.ActiveCfg = Debug|Any CPU
		{C980CAFC-F381-4104-B423-8C05EE71CB8C}.Debug|x64.Build.0 = Debug|Any CPU
		{C980CAFC-F381-4104-B423-8C05EE71CB8C}.Debug|x86.ActiveCfg = Debug|Any CPU
		{C980CAFC-F381-4104-B423-8C05EE71CB8C}.Debug|x86.Build.0 = Debug|Any CPU
		{C980CAFC-F381-4104-B423-8C05EE71CB8C}.Release|Any CPU.ActiveCfg = Release|Any CPU
		{C980CAFC-F381-4104-B423-8C05EE71CB8C}.Release|Any CPU.Build.0 = Release|Any CPU
		{C980CAFC-F381-4104-B423-8C05EE71CB8C}.Release|ARM.ActiveCfg = Release|Any CPU
		{C980CAFC-F381-4104-B423-8C05EE71CB8C}.Release|ARM.Build.0 = Release|Any CPU
		{C980CAFC-F381-4104-B423-8C05EE71CB8C}.Release|ARM64.ActiveCfg = Release|Any CPU
		{C980CAFC-F381-4104-B423-8C05EE71CB8C}.Release|ARM64.Build.0 = Release|Any CPU
		{C980CAFC-F381-4104-B423-8C05EE71CB8C}.Release|x64.ActiveCfg = Release|Any CPU
		{C980CAFC-F381-4104-B423-8C05EE71CB8C}.Release|x64.Build.0 = Release|Any CPU
		{C980CAFC-F381-4104-B423-8C05EE71CB8C}.Release|x86.ActiveCfg = Release|Any CPU
		{C980CAFC-F381-4104-B423-8C05EE71CB8C}.Release|x86.Build.0 = Release|Any CPU
		{81DDED9D-158B-E303-5F62-77A2896D2A5A}.Debug|Any CPU.ActiveCfg = Debug|Any CPU
		{81DDED9D-158B-E303-5F62-77A2896D2A5A}.Debug|Any CPU.Build.0 = Debug|Any CPU
		{81DDED9D-158B-E303-5F62-77A2896D2A5A}.Debug|ARM.ActiveCfg = Debug|Any CPU
		{81DDED9D-158B-E303-5F62-77A2896D2A5A}.Debug|ARM.Build.0 = Debug|Any CPU
		{81DDED9D-158B-E303-5F62-77A2896D2A5A}.Debug|ARM64.ActiveCfg = Debug|Any CPU
		{81DDED9D-158B-E303-5F62-77A2896D2A5A}.Debug|ARM64.Build.0 = Debug|Any CPU
		{81DDED9D-158B-E303-5F62-77A2896D2A5A}.Debug|x64.ActiveCfg = Debug|Any CPU
		{81DDED9D-158B-E303-5F62-77A2896D2A5A}.Debug|x64.Build.0 = Debug|Any CPU
		{81DDED9D-158B-E303-5F62-77A2896D2A5A}.Debug|x86.ActiveCfg = Debug|Any CPU
		{81DDED9D-158B-E303-5F62-77A2896D2A5A}.Debug|x86.Build.0 = Debug|Any CPU
		{81DDED9D-158B-E303-5F62-77A2896D2A5A}.Release|Any CPU.ActiveCfg = Release|Any CPU
		{81DDED9D-158B-E303-5F62-77A2896D2A5A}.Release|Any CPU.Build.0 = Release|Any CPU
		{81DDED9D-158B-E303-5F62-77A2896D2A5A}.Release|ARM.ActiveCfg = Release|Any CPU
		{81DDED9D-158B-E303-5F62-77A2896D2A5A}.Release|ARM.Build.0 = Release|Any CPU
		{81DDED9D-158B-E303-5F62-77A2896D2A5A}.Release|ARM64.ActiveCfg = Release|Any CPU
		{81DDED9D-158B-E303-5F62-77A2896D2A5A}.Release|ARM64.Build.0 = Release|Any CPU
		{81DDED9D-158B-E303-5F62-77A2896D2A5A}.Release|x64.ActiveCfg = Release|Any CPU
		{81DDED9D-158B-E303-5F62-77A2896D2A5A}.Release|x64.Build.0 = Release|Any CPU
		{81DDED9D-158B-E303-5F62-77A2896D2A5A}.Release|x86.ActiveCfg = Release|Any CPU
		{81DDED9D-158B-E303-5F62-77A2896D2A5A}.Release|x86.Build.0 = Release|Any CPU
		{E448EDCA-7173-447E-9E89-DCEF3E46F9C6}.Debug|Any CPU.ActiveCfg = Debug|Any CPU
		{E448EDCA-7173-447E-9E89-DCEF3E46F9C6}.Debug|Any CPU.Build.0 = Debug|Any CPU
		{E448EDCA-7173-447E-9E89-DCEF3E46F9C6}.Debug|ARM.ActiveCfg = Debug|Any CPU
		{E448EDCA-7173-447E-9E89-DCEF3E46F9C6}.Debug|ARM.Build.0 = Debug|Any CPU
		{E448EDCA-7173-447E-9E89-DCEF3E46F9C6}.Debug|ARM64.ActiveCfg = Debug|Any CPU
		{E448EDCA-7173-447E-9E89-DCEF3E46F9C6}.Debug|ARM64.Build.0 = Debug|Any CPU
		{E448EDCA-7173-447E-9E89-DCEF3E46F9C6}.Debug|x64.ActiveCfg = Debug|Any CPU
		{E448EDCA-7173-447E-9E89-DCEF3E46F9C6}.Debug|x64.Build.0 = Debug|Any CPU
		{E448EDCA-7173-447E-9E89-DCEF3E46F9C6}.Debug|x86.ActiveCfg = Debug|Any CPU
		{E448EDCA-7173-447E-9E89-DCEF3E46F9C6}.Debug|x86.Build.0 = Debug|Any CPU
		{E448EDCA-7173-447E-9E89-DCEF3E46F9C6}.Release|Any CPU.ActiveCfg = Release|Any CPU
		{E448EDCA-7173-447E-9E89-DCEF3E46F9C6}.Release|Any CPU.Build.0 = Release|Any CPU
		{E448EDCA-7173-447E-9E89-DCEF3E46F9C6}.Release|ARM.ActiveCfg = Release|Any CPU
		{E448EDCA-7173-447E-9E89-DCEF3E46F9C6}.Release|ARM.Build.0 = Release|Any CPU
		{E448EDCA-7173-447E-9E89-DCEF3E46F9C6}.Release|ARM64.ActiveCfg = Release|Any CPU
		{E448EDCA-7173-447E-9E89-DCEF3E46F9C6}.Release|ARM64.Build.0 = Release|Any CPU
		{E448EDCA-7173-447E-9E89-DCEF3E46F9C6}.Release|x64.ActiveCfg = Release|Any CPU
		{E448EDCA-7173-447E-9E89-DCEF3E46F9C6}.Release|x64.Build.0 = Release|Any CPU
		{E448EDCA-7173-447E-9E89-DCEF3E46F9C6}.Release|x86.ActiveCfg = Release|Any CPU
		{E448EDCA-7173-447E-9E89-DCEF3E46F9C6}.Release|x86.Build.0 = Release|Any CPU
		{39459AC4-6F7F-2882-9C94-52BBB22A3D8C}.Debug|Any CPU.ActiveCfg = Debug|Any CPU
		{39459AC4-6F7F-2882-9C94-52BBB22A3D8C}.Debug|Any CPU.Build.0 = Debug|Any CPU
		{39459AC4-6F7F-2882-9C94-52BBB22A3D8C}.Debug|ARM.ActiveCfg = Debug|Any CPU
		{39459AC4-6F7F-2882-9C94-52BBB22A3D8C}.Debug|ARM.Build.0 = Debug|Any CPU
		{39459AC4-6F7F-2882-9C94-52BBB22A3D8C}.Debug|ARM64.ActiveCfg = Debug|Any CPU
		{39459AC4-6F7F-2882-9C94-52BBB22A3D8C}.Debug|ARM64.Build.0 = Debug|Any CPU
		{39459AC4-6F7F-2882-9C94-52BBB22A3D8C}.Debug|x64.ActiveCfg = Debug|Any CPU
		{39459AC4-6F7F-2882-9C94-52BBB22A3D8C}.Debug|x64.Build.0 = Debug|Any CPU
		{39459AC4-6F7F-2882-9C94-52BBB22A3D8C}.Debug|x86.ActiveCfg = Debug|Any CPU
		{39459AC4-6F7F-2882-9C94-52BBB22A3D8C}.Debug|x86.Build.0 = Debug|Any CPU
		{39459AC4-6F7F-2882-9C94-52BBB22A3D8C}.Release|Any CPU.ActiveCfg = Release|Any CPU
		{39459AC4-6F7F-2882-9C94-52BBB22A3D8C}.Release|Any CPU.Build.0 = Release|Any CPU
		{39459AC4-6F7F-2882-9C94-52BBB22A3D8C}.Release|ARM.ActiveCfg = Release|Any CPU
		{39459AC4-6F7F-2882-9C94-52BBB22A3D8C}.Release|ARM.Build.0 = Release|Any CPU
		{39459AC4-6F7F-2882-9C94-52BBB22A3D8C}.Release|ARM64.ActiveCfg = Release|Any CPU
		{39459AC4-6F7F-2882-9C94-52BBB22A3D8C}.Release|ARM64.Build.0 = Release|Any CPU
		{39459AC4-6F7F-2882-9C94-52BBB22A3D8C}.Release|x64.ActiveCfg = Release|Any CPU
		{39459AC4-6F7F-2882-9C94-52BBB22A3D8C}.Release|x64.Build.0 = Release|Any CPU
		{39459AC4-6F7F-2882-9C94-52BBB22A3D8C}.Release|x86.ActiveCfg = Release|Any CPU
		{39459AC4-6F7F-2882-9C94-52BBB22A3D8C}.Release|x86.Build.0 = Release|Any CPU
		{08CDC1D1-0077-43C9-AE41-74FD578C052E}.Debug|Any CPU.ActiveCfg = Debug|Any CPU
		{08CDC1D1-0077-43C9-AE41-74FD578C052E}.Debug|Any CPU.Build.0 = Debug|Any CPU
		{08CDC1D1-0077-43C9-AE41-74FD578C052E}.Debug|ARM.ActiveCfg = Debug|Any CPU
		{08CDC1D1-0077-43C9-AE41-74FD578C052E}.Debug|ARM.Build.0 = Debug|Any CPU
		{08CDC1D1-0077-43C9-AE41-74FD578C052E}.Debug|ARM64.ActiveCfg = Debug|Any CPU
		{08CDC1D1-0077-43C9-AE41-74FD578C052E}.Debug|ARM64.Build.0 = Debug|Any CPU
		{08CDC1D1-0077-43C9-AE41-74FD578C052E}.Debug|x64.ActiveCfg = Debug|Any CPU
		{08CDC1D1-0077-43C9-AE41-74FD578C052E}.Debug|x64.Build.0 = Debug|Any CPU
		{08CDC1D1-0077-43C9-AE41-74FD578C052E}.Debug|x86.ActiveCfg = Debug|Any CPU
		{08CDC1D1-0077-43C9-AE41-74FD578C052E}.Debug|x86.Build.0 = Debug|Any CPU
		{08CDC1D1-0077-43C9-AE41-74FD578C052E}.Release|Any CPU.ActiveCfg = Release|Any CPU
		{08CDC1D1-0077-43C9-AE41-74FD578C052E}.Release|Any CPU.Build.0 = Release|Any CPU
		{08CDC1D1-0077-43C9-AE41-74FD578C052E}.Release|ARM.ActiveCfg = Release|Any CPU
		{08CDC1D1-0077-43C9-AE41-74FD578C052E}.Release|ARM.Build.0 = Release|Any CPU
		{08CDC1D1-0077-43C9-AE41-74FD578C052E}.Release|ARM64.ActiveCfg = Release|Any CPU
		{08CDC1D1-0077-43C9-AE41-74FD578C052E}.Release|ARM64.Build.0 = Release|Any CPU
		{08CDC1D1-0077-43C9-AE41-74FD578C052E}.Release|x64.ActiveCfg = Release|Any CPU
		{08CDC1D1-0077-43C9-AE41-74FD578C052E}.Release|x64.Build.0 = Release|Any CPU
		{08CDC1D1-0077-43C9-AE41-74FD578C052E}.Release|x86.ActiveCfg = Release|Any CPU
		{08CDC1D1-0077-43C9-AE41-74FD578C052E}.Release|x86.Build.0 = Release|Any CPU
	EndGlobalSection
	GlobalSection(SolutionProperties) = preSolution
		HideSolutionNode = FALSE
	EndGlobalSection
	GlobalSection(ExtensibilityGlobals) = postSolution
		SolutionGuid = {CFD07AB2-E155-4DDB-9EAA-B134E13478ED}
	EndGlobalSection
EndGlobal
